<Solution>
  <Folder Name="/tools/" />
  <Folder Name="/tools/AppHost/">
    <Project Path="tools/AppHost/Stagehand.AppHost/Stagehand.AppHost.csproj" />
  </Folder>
  <Folder Name="/tools/ServiceDefaults/">
    <Project Path="tools/ServiceDefaults/Stagehand.ServiceDefaults/Stagehand.ServiceDefaults.csproj" />
  </Folder>
<Folder Name="/_root/">
    <File Path="Directory.Build.props" />
    <File Path="Directory.Packages.props" />
    <File Path="global.json" />
    <File Path=".editorconfig" />
    <File Path=".gitignore" />
  </Folder>
  <Folder Name="/src/" />
  <Folder Name="/src/building-blocks/">
    <Project Path="src/building-blocks/Stagehand.SharedKernel.Application/Stagehand.SharedKernel.Application.csproj" />
    <Project Path="src/building-blocks/Stagehand.SharedKernel/Stagehand.SharedKernel.csproj" />
  </Folder>
  <Folder Name="/src/platform/" />
  <Folder Name="/src/platform/gateway/">
    <Project Path="src/platform/gateway/Stagehand.Gateway/Stagehand.Gateway.csproj" />
  </Folder>
  <Folder Name="/src/services/" />
  <Folder Name="/src/services/catalog/">
    <Project Path="src/services/catalog/Stagehand.Catalog.Api/Stagehand.Catalog.Api.csproj" />
    <Project Path="src/services/catalog/Stagehand.Catalog.Application/Stagehand.Catalog.Application.csproj" />
    <Project Path="src/services/catalog/Stagehand.Catalog.Domain/Stagehand.Catalog.Domain.csproj" />
    <Project Path="src/services/catalog/Stagehand.Catalog.Infrastructure/Stagehand.Catalog.Infrastructure.csproj" />
  </Folder>
  <Folder Name="/src/services/inventory/">
    <Project Path="src/services/inventory/Stagehand.Inventory.Api/Stagehand.Inventory.Api.csproj" />
    <Project Path="src/services/inventory/Stagehand.Inventory.Application/Stagehand.Inventory.Application.csproj" />
    <Project Path="src/services/inventory/Stagehand.Inventory.Domain/Stagehand.Inventory.Domain.csproj" />
    <Project Path="src/services/inventory/Stagehand.Inventory.Infrastructure/Stagehand.Inventory.Infrastructure.csproj" />
  </Folder>
</Solution>
